
Microsoft Visual Studio Solution File, Format Version 12.00
# Visual Studio Version 17
VisualStudioVersion = 17.8.34525.116
MinimumVisualStudioVersion = 10.0.40219.1
Project("{FAE04EC0-301F-11D3-BF4B-00C04F79EFBC}") = "Practica2", "Practica2\Practica2.csproj", "{B9069F2E-28D5-4FC0-AFD9-E7E7BCA27D4A}"
EndProject
Global
	GlobalSection(SolutionConfigurationPlatforms) = preSolution
		Debug|Any CPU = Debug|Any CPU
		Release|Any CPU = Release|Any CPU
	EndGlobalSection
	GlobalSection(ProjectConfigurationPlatforms) = postSolution
		{B9069F2E-28D5-4FC0-AFD9-E7E7BCA27D4A}.Debug|Any CPU.ActiveCfg = Debug|Any CPU
		{B9069F2E-28D5-4FC0-AFD9-E7E7BCA27D4A}.Debug|Any CPU.Build.0 = Debug|Any CPU
		{B9069F2E-28D5-4FC0-AFD9-E7E7BCA27D4A}.Release|Any CPU.ActiveCfg = Release|Any CPU
		{B9069F2E-28D5-4FC0-AFD9-E7E7BCA27D4A}.Release|Any CPU.Build.0 = Release|Any CPU
	EndGlobalSection
	GlobalSection(SolutionProperties) = preSolution
		HideSolutionNode = FALSE
	EndGlobalSection
	GlobalSection(ExtensibilityGlobals) = postSolution
		SolutionGuid = {CFC7C68A-7AAD-4A8F-B888-6D46CEBD0C40}
	EndGlobalSection
EndGlobal
